
Microsoft Visual Studio Solution File, Format Version 12.00
# Visual Studio Version 17
VisualStudioVersion = 17.3.32819.101
MinimumVisualStudioVersion = 10.0.40219.1
Project("{FAE04EC0-301F-11D3-BF4B-00C04F79EFBC}") = "RoshamboGame", "RoshamboGame\RoshamboGame.csproj", "{16D4A598-85BB-480B-9190-9750A4EDB95C}"
EndProject
Global
	GlobalSection(SolutionConfigurationPlatforms) = preSolution
		Debug|Any CPU = Debug|Any CPU
		Release|Any CPU = Release|Any CPU
	EndGlobalSection
	GlobalSection(ProjectConfigurationPlatforms) = postSolution
		{16D4A598-85BB-480B-9190-9750A4EDB95C}.Debug|Any CPU.ActiveCfg = Debug|Any CPU
		{16D4A598-85BB-480B-9190-9750A4EDB95C}.Debug|Any CPU.Build.0 = Debug|Any CPU
		{16D4A598-85BB-480B-9190-9750A4EDB95C}.Release|Any CPU.ActiveCfg = Release|Any CPU
		{16D4A598-85BB-480B-9190-9750A4EDB95C}.Release|Any CPU.Build.0 = Release|Any CPU
	EndGlobalSection
	GlobalSection(SolutionProperties) = preSolution
		HideSolutionNode = FALSE
	EndGlobalSection
	GlobalSection(ExtensibilityGlobals) = postSolution
		SolutionGuid = {B7E3825B-2CCE-4492-AB39-39EEBC7E4FC1}
	EndGlobalSection
EndGlobal
